// !$*UTF8*$!
{
	archiveVersion = 1;
	classes = {
	};
	objectVersion = 77;
	objects = {

/* Begin PBXContainerItemProxy section */
		3F1B4B762E45C87700C69A67 /* PBXContainerItemProxy */ = {
			isa = PBXContainerItemProxy;
			containerPortal = 3F1B4B572E45C87500C69A67 /* Project object */;
			proxyType = 1;
			remoteGlobalIDString = 3F1B4B5E2E45C87500C69A67;
			remoteInfo = underStandingMultipleWaystoPassDataFrontAndBack;
		};
		3F1B4B802E45C87700C69A67 /* PBXContainerItemProxy */ = {
			isa = PBXContainerItemProxy;
			containerPortal = 3F1B4B572E45C87500C69A67 /* Project object */;
			proxyType = 1;
			remoteGlobalIDString = 3F1B4B5E2E45C87500C69A67;
			remoteInfo = underStandingMultipleWaystoPassDataFrontAndBack;
		};
/* End PBXContainerItemProxy section */

/* Begin PBXFileReference section */
		3F1B4B5F2E45C87500C69A67 /* underStandingMultipleWaystoPassDataFrontAndBack.app */ = {isa = PBXFileReference; explicitFileType = wrapper.application; includeInIndex = 0; path = underStandingMultipleWaystoPassDataFrontAndBack.app; sourceTree = BUILT_PRODUCTS_DIR; };
		3F1B4B752E45C87700C69A67 /* underStandingMultipleWaystoPassDataFrontAndBackTests.xctest */ = {isa = PBXFileReference; explicitFileType = wrapper.cfbundle; includeInIndex = 0; path = underStandingMultipleWaystoPassDataFrontAndBackTests.xctest; sourceTree = BUILT_PRODUCTS_DIR; };
		3F1B4B7F2E45C87700C69A67 /* underStandingMultipleWaystoPassDataFrontAndBackUITests.xctest */ = {isa = PBXFileReference; explicitFileType = wrapper.cfbundle; includeInIndex = 0; path = underStandingMultipleWaystoPassDataFrontAndBackUITests.xctest; sourceTree = BUILT_PRODUCTS_DIR; };
/* End PBXFileReference section */

/* Begin PBXFileSystemSynchronizedBuildFileExceptionSet section */
		3F1B4B872E45C87700C69A67 /* Exceptions for "underStandingMultipleWaystoPassDataFrontAndBack" folder in "underStandingMultipleWaystoPassDataFrontAndBack" target */ = {
			isa = PBXFileSystemSynchronizedBuildFileExceptionSet;
			membershipExceptions = (
				Info.plist,
			);
			target = 3F1B4B5E2E45C87500C69A67 /* underStandingMultipleWaystoPassDataFrontAndBack */;
		};
/* End PBXFileSystemSynchronizedBuildFileExceptionSet section */

/* Begin PBXFileSystemSynchronizedRootGroup section */
		3F1B4B612E45C87500C69A67 /* underStandingMultipleWaystoPassDataFrontAndBack */ = {
			isa = PBXFileSystemSynchronizedRootGroup;
			exceptions = (
				3F1B4B872E45C87700C69A67 /* Exceptions for "underStandingMultipleWaystoPassDataFrontAndBack" folder in "underStandingMultipleWaystoPassDataFrontAndBack" target */,
			);
			path = underStandingMultipleWaystoPassDataFrontAndBack;
			sourceTree = "<group>";
		};
		3F1B4B782E45C87700C69A67 /* underStandingMultipleWaystoPassDataFrontAndBackTests */ = {
			isa = PBXFileSystemSynchronizedRootGroup;
			path = underStandingMultipleWaystoPassDataFrontAndBackTests;
			sourceTree = "<group>";
		};
		3F1B4B822E45C87700C69A67 /* underStandingMultipleWaystoPassDataFrontAndBackUITests */ = {
			isa = PBXFileSystemSynchronizedRootGroup;
			path = underStandingMultipleWaystoPassDataFrontAndBackUITests;
			sourceTree = "<group>";
		};
/* End PBXFileSystemSynchronizedRootGroup section */

/* Begin PBXFrameworksBuildPhase section */
		3F1B4B5C2E45C87500C69A67 /* Frameworks */ = {
			isa = PBXFrameworksBuildPhase;
			buildActionMask = 2147483647;
			files = (
			);
			runOnlyForDeploymentPostprocessing = 0;
		};
		3F1B4B722E45C87700C69A67 /* Frameworks */ = {
			isa = PBXFrameworksBuildPhase;
			buildActionMask = 2147483647;
			files = (
			);
			runOnlyForDeploymentPostprocessing = 0;
		};
		3F1B4B7C2E45C87700C69A67 /* Frameworks */ = {
			isa = PBXFrameworksBuildPhase;
			buildActionMask = 2147483647;
			files = (
			);
			runOnlyForDeploymentPostprocessing = 0;
		};
/* End PBXFrameworksBuildPhase section */

/* Begin PBXGroup section */
		3F1B4B562E45C87500C69A67 = {
			isa = PBXGroup;
			children = (
				3F1B4B612E45C87500C69A67 /* underStandingMultipleWaystoPassDataFrontAndBack */,
				3F1B4B782E45C87700C69A67 /* underStandingMultipleWaystoPassDataFrontAndBackTests */,
				3F1B4B822E45C87700C69A67 /* underStandingMultipleWaystoPassDataFrontAndBackUITests */,
				3F1B4B602E45C87500C69A67 /* Products */,
			);
			sourceTree = "<group>";
		};
		3F1B4B602E45C87500C69A67 /* Products */ = {
			isa = PBXGroup;
			children = (
				3F1B4B5F2E45C87500C69A67 /* underStandingMultipleWaystoPassDataFrontAndBack.app */,
				3F1B4B752E45C87700C69A67 /* underStandingMultipleWaystoPassDataFrontAndBackTests.xctest */,
				3F1B4B7F2E45C87700C69A67 /* underStandingMultipleWaystoPassDataFrontAndBackUITests.xctest */,
			);
			name = Products;
			sourceTree = "<group>";
		};
/* End PBXGroup section */

/* Begin PBXNativeTarget section */
		3F1B4B5E2E45C87500C69A67 /* underStandingMultipleWaystoPassDataFrontAndBack */ = {
			isa = PBXNativeTarget;
			buildConfigurationList = 3F1B4B882E45C87700C69A67 /* Build configuration list for PBXNativeTarget "underStandingMultipleWaystoPassDataFrontAndBack" */;
			buildPhases = (
				3F1B4B5B2E45C87500C69A67 /* Sources */,
				3F1B4B5C2E45C87500C69A67 /* Frameworks */,
				3F1B4B5D2E45C87500C69A67 /* Resources */,
			);
			buildRules = (
			);
			dependencies = (
			);
			fileSystemSynchronizedGroups = (
				3F1B4B612E45C87500C69A67 /* underStandingMultipleWaystoPassDataFrontAndBack */,
			);
			name = underStandingMultipleWaystoPassDataFrontAndBack;
			packageProductDependencies = (
			);
			productName = underStandingMultipleWaystoPassDataFrontAndBack;
			productReference = 3F1B4B5F2E45C87500C69A67 /* underStandingMultipleWaystoPassDataFrontAndBack.app */;
			productType = "com.apple.product-type.application";
		};
		3F1B4B742E45C87700C69A67 /* underStandingMultipleWaystoPassDataFrontAndBackTests */ = {
			isa = PBXNativeTarget;
			buildConfigurationList = 3F1B4B8D2E45C87700C69A67 /* Build configuration list for PBXNativeTarget "underStandingMultipleWaystoPassDataFrontAndBackTests" */;
			buildPhases = (
				3F1B4B712E45C87700C69A67 /* Sources */,
				3F1B4B722E45C87700C69A67 /* Frameworks */,
				3F1B4B732E45C87700C69A67 /* Resources */,
			);
			buildRules = (
			);
			dependencies = (
				3F1B4B772E45C87700C69A67 /* PBXTargetDependency */,
			);
			fileSystemSynchronizedGroups = (
				3F1B4B782E45C87700C69A67 /* underStandingMultipleWaystoPassDataFrontAndBackTests */,
			);
			name = underStandingMultipleWaystoPassDataFrontAndBackTests;
			packageProductDependencies = (
			);
			productName = underStandingMultipleWaystoPassDataFrontAndBackTests;
			productReference = 3F1B4B752E45C87700C69A67 /* underStandingMultipleWaystoPassDataFrontAndBackTests.xctest */;
			productType = "com.apple.product-type.bundle.unit-test";
		};
		3F1B4B7E2E45C87700C69A67 /* underStandingMultipleWaystoPassDataFrontAndBackUITests */ = {
			isa = PBXNativeTarget;
			buildConfigurationList = 3F1B4B902E45C87700C69A67 /* Build configuration list for PBXNativeTarget "underStandingMultipleWaystoPassDataFrontAndBackUITests" */;
			buildPhases = (
				3F1B4B7B2E45C87700C69A67 /* Sources */,
				3F1B4B7C2E45C87700C69A67 /* Frameworks */,
				3F1B4B7D2E45C87700C69A67 /* Resources */,
			);
			buildRules = (
			);
			dependencies = (
				3F1B4B812E45C87700C69A67 /* PBXTargetDependency */,
			);
			fileSystemSynchronizedGroups = (
				3F1B4B822E45C87700C69A67 /* underStandingMultipleWaystoPassDataFrontAndBackUITests */,
			);
			name = underStandingMultipleWaystoPassDataFrontAndBackUITests;
			packageProductDependencies = (
			);
			productName = underStandingMultipleWaystoPassDataFrontAndBackUITests;
			productReference = 3F1B4B7F2E45C87700C69A67 /* underStandingMultipleWaystoPassDataFrontAndBackUITests.xctest */;
			productType = "com.apple.product-type.bundle.ui-testing";
		};
/* End PBXNativeTarget section */

/* Begin PBXProject section */
		3F1B4B572E45C87500C69A67 /* Project object */ = {
			isa = PBXProject;
			attributes = {
				BuildIndependentTargetsInParallel = 1;
				LastSwiftUpdateCheck = 1640;
				LastUpgradeCheck = 1640;
				TargetAttributes = {
					3F1B4B5E2E45C87500C69A67 = {
						CreatedOnToolsVersion = 16.4;
					};
					3F1B4B742E45C87700C69A67 = {
						CreatedOnToolsVersion = 16.4;
						TestTargetID = 3F1B4B5E2E45C87500C69A67;
					};
					3F1B4B7E2E45C87700C69A67 = {
						CreatedOnToolsVersion = 16.4;
						TestTargetID = 3F1B4B5E2E45C87500C69A67;
					};
				};
			};
			buildConfigurationList = 3F1B4B5A2E45C87500C69A67 /* Build configuration list for PBXProject "underStandingMultipleWaystoPassDataFrontAndBack" */;
			developmentRegion = en;
			hasScannedForEncodings = 0;
			knownRegions = (
				en,
				Base,
			);
			mainGroup = 3F1B4B562E45C87500C69A67;
			minimizedProjectReferenceProxies = 1;
			preferredProjectObjectVersion = 77;
			productRefGroup = 3F1B4B602E45C87500C69A67 /* Products */;
			projectDirPath = "";
			projectRoot = "";
			targets = (
				3F1B4B5E2E45C87500C69A67 /* underStandingMultipleWaystoPassDataFrontAndBack */,
				3F1B4B742E45C87700C69A67 /* underStandingMultipleWaystoPassDataFrontAndBackTests */,
				3F1B4B7E2E45C87700C69A67 /* underStandingMultipleWaystoPassDataFrontAndBackUITests */,
			);
		};
/* End PBXProject section */

/* Begin PBXResourcesBuildPhase section */
		3F1B4B5D2E45C87500C69A67 /* Resources */ = {
			isa = PBXResourcesBuildPhase;
			buildActionMask = 2147483647;
			files = (
			);
			runOnlyForDeploymentPostprocessing = 0;
		};
		3F1B4B732E45C87700C69A67 /* Resources */ = {
			isa = PBXResourcesBuildPhase;
			buildActionMask = 2147483647;
			files = (
			);
			runOnlyForDeploymentPostprocessing = 0;
		};
		3F1B4B7D2E45C87700C69A67 /* Resources */ = {
			isa = PBXResourcesBuildPhase;
			buildActionMask = 2147483647;
			files = (
			);
			runOnlyForDeploymentPostprocessing = 0;
		};
/* End PBXResourcesBuildPhase section */

/* Begin PBXSourcesBuildPhase section */
		3F1B4B5B2E45C87500C69A67 /* Sources */ = {
			isa = PBXSourcesBuildPhase;
			buildActionMask = 2147483647;
			files = (
			);
			runOnlyForDeploymentPostprocessing = 0;
		};
		3F1B4B712E45C87700C69A67 /* Sources */ = {
			isa = PBXSourcesBuildPhase;
			buildActionMask = 2147483647;
			files = (
			);
			runOnlyForDeploymentPostprocessing = 0;
		};
		3F1B4B7B2E45C87700C69A67 /* Sources */ = {
			isa = PBXSourcesBuildPhase;
			buildActionMask = 2147483647;
			files = (
			);
			runOnlyForDeploymentPostprocessing = 0;
		};
/* End PBXSourcesBuildPhase section */

/* Begin PBXTargetDependency section */
		3F1B4B772E45C87700C69A67 /* PBXTargetDependency */ = {
			isa = PBXTargetDependency;
			target = 3F1B4B5E2E45C87500C69A67 /* underStandingMultipleWaystoPassDataFrontAndBack */;
			targetProxy = 3F1B4B762E45C87700C69A67 /* PBXContainerItemProxy */;
		};
		3F1B4B812E45C87700C69A67 /* PBXTargetDependency */ = {
			isa = PBXTargetDependency;
			target = 3F1B4B5E2E45C87500C69A67 /* underStandingMultipleWaystoPassDataFrontAndBack */;
			targetProxy = 3F1B4B802E45C87700C69A67 /* PBXContainerItemProxy */;
		};
/* End PBXTargetDependency section */

/* Begin XCBuildConfiguration section */
		3F1B4B892E45C87700C69A67 /* Debug */ = {
			isa = XCBuildConfiguration;
			buildSettings = {
				ASSETCATALOG_COMPILER_APPICON_NAME = AppIcon;
				ASSETCATALOG_COMPILER_GLOBAL_ACCENT_COLOR_NAME = AccentColor;
				CODE_SIGN_STYLE = Automatic;
				CURRENT_PROJECT_VERSION = 1;
				GENERATE_INFOPLIST_FILE = YES;
				INFOPLIST_FILE = underStandingMultipleWaystoPassDataFrontAndBack/Info.plist;
				INFOPLIST_KEY_UIApplicationSupportsIndirectInputEvents = YES;
				INFOPLIST_KEY_UILaunchStoryboardName = LaunchScreen;
				INFOPLIST_KEY_UIMainStoryboardFile = Main;
				INFOPLIST_KEY_UISupportedInterfaceOrientations_iPad = "UIInterfaceOrientationPortrait UIInterfaceOrientationPortraitUpsideDown UIInterfaceOrientationLandscapeLeft UIInterfaceOrientationLandscapeRight";
				INFOPLIST_KEY_UISupportedInterfaceOrientations_iPhone = "UIInterfaceOrientationPortrait UIInterfaceOrientationLandscapeLeft UIInterfaceOrientationLandscapeRight";
				LD_RUNPATH_SEARCH_PATHS = (
					"$(inherited)",
					"@executable_path/Frameworks",
				);
				MARKETING_VERSION = 1.0;
				PRODUCT_BUNDLE_IDENTIFIER = com.harsh.underStandingMultipleWaystoPassDataFrontAndBack;
				PRODUCT_NAME = "$(TARGET_NAME)";
				SWIFT_EMIT_LOC_STRINGS = YES;
				SWIFT_VERSION = 5.0;
				TARGETED_DEVICE_FAMILY = "1,2";
			};
			name = Debug;
		};
		3F1B4B8A2E45C87700C69A67 /* Release */ = {
			isa = XCBuildConfiguration;
			buildSettings = {
				ASSETCATALOG_COMPILER_APPICON_NAME = AppIcon;
				ASSETCATALOG_COMPILER_GLOBAL_ACCENT_COLOR_NAME = AccentColor;
				CODE_SIGN_STYLE = Automatic;
				CURRENT_PROJECT_VERSION = 1;
				GENERATE_INFOPLIST_FILE = YES;
				INFOPLIST_FILE = underStandingMultipleWaystoPassDataFrontAndBack/Info.plist;
				INFOPLIST_KEY_UIApplicationSupportsIndirectInputEvents = YES;
				INFOPLIST_KEY_UILaunchStoryboardName = LaunchScreen;
				INFOPLIST_KEY_UIMainStoryboardFile = Main;
				INFOPLIST_KEY_UISupportedInterfaceOrientations_iPad = "UIInterfaceOrientationPortrait UIInterfaceOrientationPortraitUpsideDown UIInterfaceOrientationLandscapeLeft UIInterfaceOrientationLandscapeRight";
				INFOPLIST_KEY_UISupportedInterfaceOrientations_iPhone = "UIInterfaceOrientationPortrait UIInterfaceOrientationLandscapeLeft UIInterfaceOrientationLandscapeRight";
				LD_RUNPATH_SEARCH_PATHS = (
					"$(inherited)",
					"@executable_path/Frameworks",
				);
				MARKETING_VERSION = 1.0;
				PRODUCT_BUNDLE_IDENTIFIER = com.harsh.underStandingMultipleWaystoPassDataFrontAndBack;
				PRODUCT_NAME = "$(TARGET_NAME)";
				SWIFT_EMIT_LOC_STRINGS = YES;
				SWIFT_VERSION = 5.0;
				TARGETED_DEVICE_FAMILY = "1,2";
			};
			name = Release;
		};
		3F1B4B8B2E45C87700C69A67 /* Debug */ = {
			isa = XCBuildConfiguration;
			buildSettings = {
				ALWAYS_SEARCH_USER_PATHS = NO;
				ASSETCATALOG_COMPILER_GENERATE_SWIFT_ASSET_SYMBOL_EXTENSIONS = YES;
				CLANG_ANALYZER_NONNULL = YES;
				CLANG_ANALYZER_NUMBER_OBJECT_CONVERSION = YES_AGGRESSIVE;
				CLANG_CXX_LANGUAGE_STANDARD = "gnu++20";
				CLANG_ENABLE_MODULES = YES;
				CLANG_ENABLE_OBJC_ARC = YES;
				CLANG_ENABLE_OBJC_WEAK = YES;
				CLANG_WARN_BLOCK_CAPTURE_AUTORELEASING = YES;
				CLANG_WARN_BOOL_CONVERSION = YES;
				CLANG_WARN_COMMA = YES;
				CLANG_WARN_CONSTANT_CONVERSION = YES;
				CLANG_WARN_DEPRECATED_OBJC_IMPLEMENTATIONS = YES;
				CLANG_WARN_DIRECT_OBJC_ISA_USAGE = YES_ERROR;
				CLANG_WARN_DOCUMENTATION_COMMENTS = YES;
				CLANG_WARN_EMPTY_BODY = YES;
				CLANG_WARN_ENUM_CONVERSION = YES;
				CLANG_WARN_INFINITE_RECURSION = YES;
				CLANG_WARN_INT_CONVERSION = YES;
				CLANG_WARN_NON_LITERAL_NULL_CONVERSION = YES;
				CLANG_WARN_OBJC_IMPLICIT_RETAIN_SELF = YES;
				CLANG_WARN_OBJC_LITERAL_CONVERSION = YES;
				CLANG_WARN_OBJC_ROOT_CLASS = YES_ERROR;
				CLANG_WARN_QUOTED_INCLUDE_IN_FRAMEWORK_HEADER = YES;
				CLANG_WARN_RANGE_LOOP_ANALYSIS = YES;
				CLANG_WARN_STRICT_PROTOTYPES = YES;
				CLANG_WARN_SUSPICIOUS_MOVE = YES;
				CLANG_WARN_UNGUARDED_AVAILABILITY = YES_AGGRESSIVE;
				CLANG_WARN_UNREACHABLE_CODE = YES;
				CLANG_WARN__DUPLICATE_METHOD_MATCH = YES;
				COPY_PHASE_STRIP = NO;
				DEBUG_INFORMATION_FORMAT = dwarf;
				ENABLE_STRICT_OBJC_MSGSEND = YES;
				ENABLE_TESTABILITY = YES;
				ENABLE_USER_SCRIPT_SANDBOXING = YES;
				GCC_C_LANGUAGE_STANDARD = gnu17;
				GCC_DYNAMIC_NO_PIC = NO;
				GCC_NO_COMMON_BLOCKS = YES;
				GCC_OPTIMIZATION_LEVEL = 0;
				GCC_PREPROCESSOR_DEFINITIONS = (
					"DEBUG=1",
					"$(inherited)",
				);
				GCC_WARN_64_TO_32_BIT_CONVERSION = YES;
				GCC_WARN_ABOUT_RETURN_TYPE = YES_ERROR;
				GCC_WARN_UNDECLARED_SELECTOR = YES;
				GCC_WARN_UNINITIALIZED_AUTOS = YES_AGGRESSIVE;
				GCC_WARN_UNUSED_FUNCTION = YES;
				GCC_WARN_UNUSED_VARIABLE = YES;
				IPHONEOS_DEPLOYMENT_TARGET = 18.5;
				LOCALIZATION_PREFERS_STRING_CATALOGS = YES;
				MTL_ENABLE_DEBUG_INFO = INCLUDE_SOURCE;
				MTL_FAST_MATH = YES;
				ONLY_ACTIVE_ARCH = YES;
				SDKROOT = iphoneos;
				SWIFT_ACTIVE_COMPILATION_CONDITIONS = "DEBUG $(inherited)";
				SWIFT_OPTIMIZATION_LEVEL = "-Onone";
			};
			name = Debug;
		};
		3F1B4B8C2E45C87700C69A67 /* Release */ = {
			isa = XCBuildConfiguration;
			buildSettings = {
				ALWAYS_SEARCH_USER_PATHS = NO;
				ASSETCATALOG_COMPILER_GENERATE_SWIFT_ASSET_SYMBOL_EXTENSIONS = YES;
				CLANG_ANALYZER_NONNULL = YES;
				CLANG_ANALYZER_NUMBER_OBJECT_CONVERSION = YES_AGGRESSIVE;
				CLANG_CXX_LANGUAGE_STANDARD = "gnu++20";
				CLANG_ENABLE_MODULES = YES;
				CLANG_ENABLE_OBJC_ARC = YES;
				CLANG_ENABLE_OBJC_WEAK = YES;
				CLANG_WARN_BLOCK_CAPTURE_AUTORELEASING = YES;
				CLANG_WARN_BOOL_CONVERSION = YES;
				CLANG_WARN_COMMA = YES;
				CLANG_WARN_CONSTANT_CONVERSION = YES;
				CLANG_WARN_DEPRECATED_OBJC_IMPLEMENTATIONS = YES;
				CLANG_WARN_DIRECT_OBJC_ISA_USAGE = YES_ERROR;
				CLANG_WARN_DOCUMENTATION_COMMENTS = YES;
				CLANG_WARN_EMPTY_BODY = YES;
				CLANG_WARN_ENUM_CONVERSION = YES;
				CLANG_WARN_INFINITE_RECURSION = YES;
				CLANG_WARN_INT_CONVERSION = YES;
				CLANG_WARN_NON_LITERAL_NULL_CONVERSION = YES;
				CLANG_WARN_OBJC_IMPLICIT_RETAIN_SELF = YES;
				CLANG_WARN_OBJC_LITERAL_CONVERSION = YES;
				CLANG_WARN_OBJC_ROOT_CLASS = YES_ERROR;
				CLANG_WARN_QUOTED_INCLUDE_IN_FRAMEWORK_HEADER = YES;
				CLANG_WARN_RANGE_LOOP_ANALYSIS = YES;
				CLANG_WARN_STRICT_PROTOTYPES = YES;
				CLANG_WARN_SUSPICIOUS_MOVE = YES;
				CLANG_WARN_UNGUARDED_AVAILABILITY = YES_AGGRESSIVE;
				CLANG_WARN_UNREACHABLE_CODE = YES;
				CLANG_WARN__DUPLICATE_METHOD_MATCH = YES;
				COPY_PHASE_STRIP = NO;
				DEBUG_INFORMATION_FORMAT = "dwarf-with-dsym";
				ENABLE_NS_ASSERTIONS = NO;
				ENABLE_STRICT_OBJC_MSGSEND = YES;
				ENABLE_USER_SCRIPT_SANDBOXING = YES;
				GCC_C_LANGUAGE_STANDARD = gnu17;
				GCC_NO_COMMON_BLOCKS = YES;
				GCC_WARN_64_TO_32_BIT_CONVERSION = YES;
				GCC_WARN_ABOUT_RETURN_TYPE = YES_ERROR;
				GCC_WARN_UNDECLARED_SELECTOR = YES;
				GCC_WARN_UNINITIALIZED_AUTOS = YES_AGGRESSIVE;
				GCC_WARN_UNUSED_FUNCTION = YES;
				GCC_WARN_UNUSED_VARIABLE = YES;
				IPHONEOS_DEPLOYMENT_TARGET = 18.5;
				LOCALIZATION_PREFERS_STRING_CATALOGS = YES;
				MTL_ENABLE_DEBUG_INFO = NO;
				MTL_FAST_MATH = YES;
				SDKROOT = iphoneos;
				SWIFT_COMPILATION_MODE = wholemodule;
				VALIDATE_PRODUCT = YES;
			};
			name = Release;
		};
		3F1B4B8E2E45C87700C69A67 /* Debug */ = {
			isa = XCBuildConfiguration;
			buildSettings = {
				BUNDLE_LOADER = "$(TEST_HOST)";
				CODE_SIGN_STYLE = Automatic;
				CURRENT_PROJECT_VERSION = 1;
				GENERATE_INFOPLIST_FILE = YES;
				IPHONEOS_DEPLOYMENT_TARGET = 18.5;
				MARKETING_VERSION = 1.0;
				PRODUCT_BUNDLE_IDENTIFIER = com.harsh.underStandingMultipleWaystoPassDataFrontAndBackTests;
				PRODUCT_NAME = "$(TARGET_NAME)";
				SWIFT_EMIT_LOC_STRINGS = NO;
				SWIFT_VERSION = 5.0;
				TARGETED_DEVICE_FAMILY = "1,2";
				TEST_HOST = "$(BUILT_PRODUCTS_DIR)/underStandingMultipleWaystoPassDataFrontAndBack.app/$(BUNDLE_EXECUTABLE_FOLDER_PATH)/underStandingMultipleWaystoPassDataFrontAndBack";
			};
			name = Debug;
		};
		3F1B4B8F2E45C87700C69A67 /* Release */ = {
			isa = XCBuildConfiguration;
			buildSettings = {
				BUNDLE_LOADER = "$(TEST_HOST)";
				CODE_SIGN_STYLE = Automatic;
				CURRENT_PROJECT_VERSION = 1;
				GENERATE_INFOPLIST_FILE = YES;
				IPHONEOS_DEPLOYMENT_TARGET = 18.5;
				MARKETING_VERSION = 1.0;
				PRODUCT_BUNDLE_IDENTIFIER = com.harsh.underStandingMultipleWaystoPassDataFrontAndBackTests;
				PRODUCT_NAME = "$(TARGET_NAME)";
				SWIFT_EMIT_LOC_STRINGS = NO;
				SWIFT_VERSION = 5.0;
				TARGETED_DEVICE_FAMILY = "1,2";
				TEST_HOST = "$(BUILT_PRODUCTS_DIR)/underStandingMultipleWaystoPassDataFrontAndBack.app/$(BUNDLE_EXECUTABLE_FOLDER_PATH)/underStandingMultipleWaystoPassDataFrontAndBack";
			};
			name = Release;
		};
		3F1B4B912E45C87700C69A67 /* Debug */ = {
			isa = XCBuildConfiguration;
			buildSettings = {
				CODE_SIGN_STYLE = Automatic;
				CURRENT_PROJECT_VERSION = 1;
				GENERATE_INFOPLIST_FILE = YES;
				MARKETING_VERSION = 1.0;
				PRODUCT_BUNDLE_IDENTIFIER = com.harsh.underStandingMultipleWaystoPassDataFrontAndBackUITests;
				PRODUCT_NAME = "$(TARGET_NAME)";
				SWIFT_EMIT_LOC_STRINGS = NO;
				SWIFT_VERSION = 5.0;
				TARGETED_DEVICE_FAMILY = "1,2";
				TEST_TARGET_NAME = underStandingMultipleWaystoPassDataFrontAndBack;
			};
			name = Debug;
		};
		3F1B4B922E45C87700C69A67 /* Release */ = {
			isa = XCBuildConfiguration;
			buildSettings = {
				CODE_SIGN_STYLE = Automatic;
				CURRENT_PROJECT_VERSION = 1;
				GENERATE_INFOPLIST_FILE = YES;
				MARKETING_VERSION = 1.0;
				PRODUCT_BUNDLE_IDENTIFIER = com.harsh.underStandingMultipleWaystoPassDataFrontAndBackUITests;
				PRODUCT_NAME = "$(TARGET_NAME)";
				SWIFT_EMIT_LOC_STRINGS = NO;
				SWIFT_VERSION = 5.0;
				TARGETED_DEVICE_FAMILY = "1,2";
				TEST_TARGET_NAME = underStandingMultipleWaystoPassDataFrontAndBack;
			};
			name = Release;
		};
/* End XCBuildConfiguration section */

/* Begin XCConfigurationList section */
		3F1B4B5A2E45C87500C69A67 /* Build configuration list for PBXProject "underStandingMultipleWaystoPassDataFrontAndBack" */ = {
			isa = XCConfigurationList;
			buildConfigurations = (
				3F1B4B8B2E45C87700C69A67 /* Debug */,
				3F1B4B8C2E45C87700C69A67 /* Release */,
			);
			defaultConfigurationIsVisible = 0;
			defaultConfigurationName = Release;
		};
		3F1B4B882E45C87700C69A67 /* Build configuration list for PBXNativeTarget "underStandingMultipleWaystoPassDataFrontAndBack" */ = {
			isa = XCConfigurationList;
			buildConfigurations = (
				3F1B4B892E45C87700C69A67 /* Debug */,
				3F1B4B8A2E45C87700C69A67 /* Release */,
			);
			defaultConfigurationIsVisible = 0;
			defaultConfigurationName = Release;
		};
		3F1B4B8D2E45C87700C69A67 /* Build configuration list for PBXNativeTarget "underStandingMultipleWaystoPassDataFrontAndBackTests" */ = {
			isa = XCConfigurationList;
			buildConfigurations = (
				3F1B4B8E2E45C87700C69A67 /* Debug */,
				3F1B4B8F2E45C87700C69A67 /* Release */,
			);
			defaultConfigurationIsVisible = 0;
			defaultConfigurationName = Release;
		};
		3F1B4B902E45C87700C69A67 /* Build configuration list for PBXNativeTarget "underStandingMultipleWaystoPassDataFrontAndBackUITests" */ = {
			isa = XCConfigurationList;
			buildConfigurations = (
				3F1B4B912E45C87700C69A67 /* Debug */,
				3F1B4B922E45C87700C69A67 /* Release */,
			);
			defaultConfigurationIsVisible = 0;
			defaultConfigurationName = Release;
		};
/* End XCConfigurationList section */
	};
	rootObject = 3F1B4B572E45C87500C69A67 /* Project object */;
}
